
Microsoft Visual Studio Solution File, Format Version 12.00
# Visual Studio 15
VisualStudioVersion = 15.0.27703.2035
MinimumVisualStudioVersion = 10.0.40219.1
Project("{FAE04EC0-301F-11D3-BF4B-00C04F79EFBC}") = "BreadBuilder", "BreadBuilder\BreadBuilder.csproj", "{D0826371-B627-4DA8-9E3E-8528BC95EB41}"
EndProject
Global
	GlobalSection(SolutionConfigurationPlatforms) = preSolution
		Debug|Any CPU = Debug|Any CPU
		Release|Any CPU = Release|Any CPU
	EndGlobalSection
	GlobalSection(ProjectConfigurationPlatforms) = postSolution
		{D0826371-B627-4DA8-9E3E-8528BC95EB41}.Debug|Any CPU.ActiveCfg = Debug|Any CPU
		{D0826371-B627-4DA8-9E3E-8528BC95EB41}.Debug|Any CPU.Build.0 = Debug|Any CPU
		{D0826371-B627-4DA8-9E3E-8528BC95EB41}.Release|Any CPU.ActiveCfg = Release|Any CPU
		{D0826371-B627-4DA8-9E3E-8528BC95EB41}.Release|Any CPU.Build.0 = Release|Any CPU
	EndGlobalSection
	GlobalSection(SolutionProperties) = preSolution
		HideSolutionNode = FALSE
	EndGlobalSection
	GlobalSection(ExtensibilityGlobals) = postSolution
		SolutionGuid = {3FA335CF-6E83-42DC-A8B3-A952F4B511AF}
	EndGlobalSection
EndGlobal
